{
    "version": 3,
    "terraform_version": "0.8.8",
    "serial": 17,
    "lineage": "e2e1ed3d-5ded-4bcc-a26d-47131c61eb46",
    "modules": [
        {
            "path": [
                "root"
            ],
            "outputs": {
                "elastic_ip_of_dns-master": {
                    "sensitive": false,
                    "type": "string",
                    "value": "54.178.230.38"
                },
                "elastic_ip_of_dns-slave": {
                    "sensitive": false,
                    "type": "string",
                    "value": "13.113.136.50"
                }
            },
            "resources": {
                "aws_eip.dns-master": {
                    "type": "aws_eip",
                    "depends_on": [
                        "aws_instance.dns-master"
                    ],
                    "primary": {
                        "id": "eipalloc-7522d411",
                        "attributes": {
                            "association_id": "eipassoc-6bd50c0d",
                            "domain": "vpc",
                            "id": "eipalloc-7522d411",
                            "instance": "i-035d1bdbe83a816b5",
                            "network_interface": "eni-388be177",
                            "private_ip": "10.10.1.204",
                            "public_ip": "54.178.230.38",
                            "vpc": "true"
                        },
                        "meta": {},
                        "tainted": false
                    },
                    "deposed": [],
                    "provider": ""
                },
                "aws_eip.dns-slave": {
                    "type": "aws_eip",
                    "depends_on": [
                        "aws_instance.dns-slave"
                    ],
                    "primary": {
                        "id": "eipalloc-0625d362",
                        "attributes": {
                            "association_id": "eipassoc-cfd20ba9",
                            "domain": "vpc",
                            "id": "eipalloc-0625d362",
                            "instance": "i-0f00c06f0ff74ed39",
                            "network_interface": "eni-076ce459",
                            "private_ip": "10.10.2.18",
                            "public_ip": "13.113.136.50",
                            "vpc": "true"
                        },
                        "meta": {},
                        "tainted": false
                    },
                    "deposed": [],
                    "provider": ""
                },
                "aws_instance.dns-master": {
                    "type": "aws_instance",
                    "depends_on": [
                        "aws_security_group.app",
                        "aws_subnet.public_web1"
                    ],
                    "primary": {
                        "id": "i-035d1bdbe83a816b5",
                        "attributes": {
                            "ami": "ami-56d4ad31",
                            "associate_public_ip_address": "false",
                            "availability_zone": "ap-northeast-1a",
                            "disable_api_termination": "false",
                            "ebs_block_device.#": "1",
                            "ebs_block_device.2659407853.delete_on_termination": "true",
                            "ebs_block_device.2659407853.device_name": "/dev/sdf",
                            "ebs_block_device.2659407853.encrypted": "false",
                            "ebs_block_device.2659407853.iops": "300",
                            "ebs_block_device.2659407853.snapshot_id": "",
                            "ebs_block_device.2659407853.volume_size": "100",
                            "ebs_block_device.2659407853.volume_type": "gp2",
                            "ebs_optimized": "false",
                            "ephemeral_block_device.#": "0",
                            "iam_instance_profile": "",
                            "id": "i-035d1bdbe83a816b5",
                            "instance_state": "running",
                            "instance_type": "t2.micro",
                            "ipv6_address_count": "0",
                            "ipv6_addresses.#": "0",
                            "key_name": "nao-key",
                            "monitoring": "false",
                            "network_interface_id": "eni-388be177",
                            "private_dns": "ip-10-10-1-204.ap-northeast-1.compute.internal",
                            "private_ip": "10.10.1.204",
                            "public_dns": "",
                            "public_ip": "",
                            "root_block_device.#": "1",
                            "root_block_device.0.delete_on_termination": "true",
                            "root_block_device.0.iops": "100",
                            "root_block_device.0.volume_size": "20",
                            "root_block_device.0.volume_type": "gp2",
                            "security_groups.#": "0",
                            "source_dest_check": "true",
                            "subnet_id": "subnet-04134872",
                            "tags.%": "1",
                            "tags.Name": "tf_instance",
                            "tenancy": "default",
                            "vpc_security_group_ids.#": "1",
                            "vpc_security_group_ids.1742019275": "sg-3cd1d65b"
                        },
                        "meta": {
                            "schema_version": "1"
                        },
                        "tainted": false
                    },
                    "deposed": [],
                    "provider": ""
                },
                "aws_instance.dns-slave": {
                    "type": "aws_instance",
                    "depends_on": [
                        "aws_security_group.app",
                        "aws_subnet.public_web2"
                    ],
                    "primary": {
                        "id": "i-0f00c06f0ff74ed39",
                        "attributes": {
                            "ami": "ami-56d4ad31",
                            "associate_public_ip_address": "false",
                            "availability_zone": "ap-northeast-1c",
                            "disable_api_termination": "false",
                            "ebs_block_device.#": "1",
                            "ebs_block_device.2659407853.delete_on_termination": "true",
                            "ebs_block_device.2659407853.device_name": "/dev/sdf",
                            "ebs_block_device.2659407853.encrypted": "false",
                            "ebs_block_device.2659407853.iops": "300",
                            "ebs_block_device.2659407853.snapshot_id": "",
                            "ebs_block_device.2659407853.volume_size": "100",
                            "ebs_block_device.2659407853.volume_type": "gp2",
                            "ebs_optimized": "false",
                            "ephemeral_block_device.#": "0",
                            "iam_instance_profile": "",
                            "id": "i-0f00c06f0ff74ed39",
                            "instance_state": "running",
                            "instance_type": "t2.micro",
                            "ipv6_address_count": "0",
                            "ipv6_addresses.#": "0",
                            "key_name": "nao-key",
                            "monitoring": "false",
                            "network_interface_id": "eni-076ce459",
                            "private_dns": "ip-10-10-2-18.ap-northeast-1.compute.internal",
                            "private_ip": "10.10.2.18",
                            "public_dns": "",
                            "public_ip": "",
                            "root_block_device.#": "1",
                            "root_block_device.0.delete_on_termination": "true",
                            "root_block_device.0.iops": "100",
                            "root_block_device.0.volume_size": "20",
                            "root_block_device.0.volume_type": "gp2",
                            "security_groups.#": "0",
                            "source_dest_check": "true",
                            "subnet_id": "subnet-e51075bd",
                            "tags.%": "1",
                            "tags.Name": "tf_instance",
                            "tenancy": "default",
                            "vpc_security_group_ids.#": "1",
                            "vpc_security_group_ids.1742019275": "sg-3cd1d65b"
                        },
                        "meta": {
                            "schema_version": "1"
                        },
                        "tainted": false
                    },
                    "deposed": [],
                    "provider": ""
                },
                "aws_internet_gateway.gw": {
                    "type": "aws_internet_gateway",
                    "depends_on": [
                        "aws_vpc.tf_vpc"
                    ],
                    "primary": {
                        "id": "igw-920800f7",
                        "attributes": {
                            "id": "igw-920800f7",
                            "tags.%": "1",
                            "tags.Name": "tf-gw",
                            "vpc_id": "vpc-4f6dfd2b"
                        },
                        "meta": {},
                        "tainted": false
                    },
                    "deposed": [],
                    "provider": ""
                },
                "aws_route_table.public_rtb": {
                    "type": "aws_route_table",
                    "depends_on": [
                        "aws_internet_gateway.gw",
                        "aws_vpc.tf_vpc"
                    ],
                    "primary": {
                        "id": "rtb-3f84a55b",
                        "attributes": {
                            "id": "rtb-3f84a55b",
                            "propagating_vgws.#": "0",
                            "route.#": "1",
                            "route.1993371672.cidr_block": "0.0.0.0/0",
                            "route.1993371672.gateway_id": "igw-920800f7",
                            "route.1993371672.instance_id": "",
                            "route.1993371672.nat_gateway_id": "",
                            "route.1993371672.network_interface_id": "",
                            "route.1993371672.vpc_peering_connection_id": "",
                            "tags.%": "1",
                            "tags.Name": "tf_rtb",
                            "vpc_id": "vpc-4f6dfd2b"
                        },
                        "meta": {},
                        "tainted": false
                    },
                    "deposed": [],
                    "provider": ""
                },
                "aws_route_table_association.public_1": {
                    "type": "aws_route_table_association",
                    "depends_on": [
                        "aws_route_table.public_rtb",
                        "aws_subnet.public_web1"
                    ],
                    "primary": {
                        "id": "rtbassoc-032a9964",
                        "attributes": {
                            "id": "rtbassoc-032a9964",
                            "route_table_id": "rtb-3f84a55b",
                            "subnet_id": "subnet-04134872"
                        },
                        "meta": {},
                        "tainted": false
                    },
                    "deposed": [],
                    "provider": ""
                },
                "aws_route_table_association.public_2": {
                    "type": "aws_route_table_association",
                    "depends_on": [
                        "aws_route_table.public_rtb",
                        "aws_subnet.public_web2"
                    ],
                    "primary": {
                        "id": "rtbassoc-cd2192aa",
                        "attributes": {
                            "id": "rtbassoc-cd2192aa",
                            "route_table_id": "rtb-3f84a55b",
                            "subnet_id": "subnet-e51075bd"
                        },
                        "meta": {},
                        "tainted": false
                    },
                    "deposed": [],
                    "provider": ""
                },
                "aws_security_group.app": {
                    "type": "aws_security_group",
                    "depends_on": [
                        "aws_vpc.tf_vpc"
                    ],
                    "primary": {
                        "id": "sg-3cd1d65b",
                        "attributes": {
                            "description": "It is a security group on http of tf_vpc",
                            "egress.#": "0",
                            "id": "sg-3cd1d65b",
                            "ingress.#": "0",
                            "name": "tf_web",
                            "owner_id": "221306692225",
                            "tags.%": "1",
                            "tags.Name": "tf_web",
                            "vpc_id": "vpc-4f6dfd2b"
                        },
                        "meta": {},
                        "tainted": false
                    },
                    "deposed": [],
                    "provider": ""
                },
                "aws_security_group_rule.all": {
                    "type": "aws_security_group_rule",
                    "depends_on": [
                        "aws_security_group.app"
                    ],
                    "primary": {
                        "id": "sgrule-3249064022",
                        "attributes": {
                            "cidr_blocks.#": "1",
                            "cidr_blocks.0": "0.0.0.0/0",
                            "from_port": "0",
                            "id": "sgrule-3249064022",
                            "protocol": "tcp",
                            "security_group_id": "sg-3cd1d65b",
                            "self": "false",
                            "to_port": "65535",
                            "type": "egress"
                        },
                        "meta": {
                            "schema_version": "2"
                        },
                        "tainted": false
                    },
                    "deposed": [],
                    "provider": ""
                },
                "aws_security_group_rule.dns": {
                    "type": "aws_security_group_rule",
                    "depends_on": [
                        "aws_security_group.app"
                    ],
                    "primary": {
                        "id": "sgrule-3827207959",
                        "attributes": {
                            "cidr_blocks.#": "1",
                            "cidr_blocks.0": "0.0.0.0/0",
                            "from_port": "53",
                            "id": "sgrule-3827207959",
                            "protocol": "udp",
                            "security_group_id": "sg-3cd1d65b",
                            "self": "false",
                            "to_port": "53",
                            "type": "ingress"
                        },
                        "meta": {
                            "schema_version": "2"
                        },
                        "tainted": false
                    },
                    "deposed": [],
                    "provider": ""
                },
                "aws_security_group_rule.ssh": {
                    "type": "aws_security_group_rule",
                    "depends_on": [
                        "aws_security_group.app"
                    ],
                    "primary": {
                        "id": "sgrule-3206618130",
                        "attributes": {
                            "cidr_blocks.#": "1",
                            "cidr_blocks.0": "0.0.0.0/0",
                            "from_port": "22",
                            "id": "sgrule-3206618130",
                            "protocol": "tcp",
                            "security_group_id": "sg-3cd1d65b",
                            "self": "false",
                            "to_port": "22",
                            "type": "ingress"
                        },
                        "meta": {
                            "schema_version": "2"
                        },
                        "tainted": false
                    },
                    "deposed": [],
                    "provider": ""
                },
                "aws_subnet.private_db1": {
                    "type": "aws_subnet",
                    "depends_on": [
                        "aws_vpc.tf_vpc"
                    ],
                    "primary": {
                        "id": "subnet-33164d45",
                        "attributes": {
                            "assign_ipv6_address_on_creation": "false",
                            "availability_zone": "ap-northeast-1a",
                            "cidr_block": "10.10.3.0/24",
                            "id": "subnet-33164d45",
                            "map_public_ip_on_launch": "false",
                            "tags.%": "1",
                            "tags.Name": "tf_private_db1",
                            "vpc_id": "vpc-4f6dfd2b"
                        },
                        "meta": {},
                        "tainted": false
                    },
                    "deposed": [],
                    "provider": ""
                },
                "aws_subnet.private_db2": {
                    "type": "aws_subnet",
                    "depends_on": [
                        "aws_vpc.tf_vpc"
                    ],
                    "primary": {
                        "id": "subnet-7d1e7b25",
                        "attributes": {
                            "assign_ipv6_address_on_creation": "false",
                            "availability_zone": "ap-northeast-1c",
                            "cidr_block": "10.10.4.0/24",
                            "id": "subnet-7d1e7b25",
                            "map_public_ip_on_launch": "false",
                            "tags.%": "1",
                            "tags.Name": "tf_private_db2",
                            "vpc_id": "vpc-4f6dfd2b"
                        },
                        "meta": {},
                        "tainted": false
                    },
                    "deposed": [],
                    "provider": ""
                },
                "aws_subnet.public_web1": {
                    "type": "aws_subnet",
                    "depends_on": [
                        "aws_vpc.tf_vpc"
                    ],
                    "primary": {
                        "id": "subnet-04134872",
                        "attributes": {
                            "assign_ipv6_address_on_creation": "false",
                            "availability_zone": "ap-northeast-1a",
                            "cidr_block": "10.10.1.0/24",
                            "id": "subnet-04134872",
                            "map_public_ip_on_launch": "false",
                            "tags.%": "1",
                            "tags.Name": "tf_public_web1",
                            "vpc_id": "vpc-4f6dfd2b"
                        },
                        "meta": {},
                        "tainted": false
                    },
                    "deposed": [],
                    "provider": ""
                },
                "aws_subnet.public_web2": {
                    "type": "aws_subnet",
                    "depends_on": [
                        "aws_vpc.tf_vpc"
                    ],
                    "primary": {
                        "id": "subnet-e51075bd",
                        "attributes": {
                            "assign_ipv6_address_on_creation": "false",
                            "availability_zone": "ap-northeast-1c",
                            "cidr_block": "10.10.2.0/24",
                            "id": "subnet-e51075bd",
                            "map_public_ip_on_launch": "false",
                            "tags.%": "1",
                            "tags.Name": "tf_public_web2",
                            "vpc_id": "vpc-4f6dfd2b"
                        },
                        "meta": {},
                        "tainted": false
                    },
                    "deposed": [],
                    "provider": ""
                },
                "aws_vpc.tf_vpc": {
                    "type": "aws_vpc",
                    "depends_on": [],
                    "primary": {
                        "id": "vpc-4f6dfd2b",
                        "attributes": {
                            "assign_generated_ipv6_cidr_block": "false",
                            "cidr_block": "10.10.0.0/16",
                            "default_network_acl_id": "acl-f0356494",
                            "default_route_table_id": "rtb-208baa44",
                            "default_security_group_id": "sg-73d3d414",
                            "dhcp_options_id": "dopt-c4cbd4a1",
                            "enable_classiclink": "false",
                            "enable_dns_hostnames": "true",
                            "enable_dns_support": "true",
                            "id": "vpc-4f6dfd2b",
                            "instance_tenancy": "default",
                            "main_route_table_id": "rtb-208baa44",
                            "tags.%": "1",
                            "tags.Name": "tf_vpc"
                        },
                        "meta": {},
                        "tainted": false
                    },
                    "deposed": [],
                    "provider": ""
                }
            },
            "depends_on": []
        }
    ]
}
