{
    "version": 3,
    "terraform_version": "0.8.8",
    "serial": 31,
    "lineage": "e2e1ed3d-5ded-4bcc-a26d-47131c61eb46",
    "modules": [
        {
            "path": [
                "root"
            ],
            "outputs": {
                "elastic_ip_of_dns-master": {
                    "sensitive": false,
                    "type": "string",
                    "value": "54.64.158.99"
                },
                "elastic_ip_of_dns-slave": {
                    "sensitive": false,
                    "type": "string",
                    "value": "54.64.87.157"
                }
            },
            "resources": {
                "aws_eip.dns-master": {
                    "type": "aws_eip",
                    "depends_on": [
                        "aws_instance.dns-master"
                    ],
                    "primary": {
                        "id": "eipalloc-4d15e429",
                        "attributes": {
                            "association_id": "eipassoc-c87ea5ae",
                            "domain": "vpc",
                            "id": "eipalloc-4d15e429",
                            "instance": "i-02e8e22f4b9a86d39",
                            "network_interface": "eni-6a681b25",
                            "private_ip": "10.10.1.57",
                            "public_ip": "54.64.158.99",
                            "vpc": "true"
                        },
                        "meta": {},
                        "tainted": false
                    },
                    "deposed": [],
                    "provider": ""
                },
                "aws_eip.dns-slave": {
                    "type": "aws_eip",
                    "depends_on": [
                        "aws_instance.dns-slave"
                    ],
                    "primary": {
                        "id": "eipalloc-8e15e4ea",
                        "attributes": {
                            "association_id": "eipassoc-19459e7f",
                            "domain": "vpc",
                            "id": "eipalloc-8e15e4ea",
                            "instance": "i-0e7650038ddd324d9",
                            "network_interface": "eni-3247d16c",
                            "private_ip": "10.10.2.16",
                            "public_ip": "54.64.87.157",
                            "vpc": "true"
                        },
                        "meta": {},
                        "tainted": false
                    },
                    "deposed": [],
                    "provider": ""
                },
                "aws_instance.dns-master": {
                    "type": "aws_instance",
                    "depends_on": [
                        "aws_security_group.app",
                        "aws_subnet.public_web1"
                    ],
                    "primary": {
                        "id": "i-02e8e22f4b9a86d39",
                        "attributes": {
                            "ami": "ami-56d4ad31",
                            "associate_public_ip_address": "false",
                            "availability_zone": "ap-northeast-1a",
                            "disable_api_termination": "false",
                            "ebs_block_device.#": "1",
                            "ebs_block_device.2659407853.delete_on_termination": "true",
                            "ebs_block_device.2659407853.device_name": "/dev/sdf",
                            "ebs_block_device.2659407853.encrypted": "false",
                            "ebs_block_device.2659407853.iops": "300",
                            "ebs_block_device.2659407853.snapshot_id": "",
                            "ebs_block_device.2659407853.volume_size": "100",
                            "ebs_block_device.2659407853.volume_type": "gp2",
                            "ebs_optimized": "false",
                            "ephemeral_block_device.#": "0",
                            "iam_instance_profile": "",
                            "id": "i-02e8e22f4b9a86d39",
                            "instance_state": "running",
                            "instance_type": "t2.micro",
                            "ipv6_address_count": "0",
                            "ipv6_addresses.#": "0",
                            "key_name": "nao-key",
                            "monitoring": "false",
                            "network_interface_id": "eni-6a681b25",
                            "private_dns": "ip-10-10-1-57.ap-northeast-1.compute.internal",
                            "private_ip": "10.10.1.57",
                            "public_dns": "",
                            "public_ip": "",
                            "root_block_device.#": "1",
                            "root_block_device.0.delete_on_termination": "true",
                            "root_block_device.0.iops": "100",
                            "root_block_device.0.volume_size": "20",
                            "root_block_device.0.volume_type": "gp2",
                            "security_groups.#": "0",
                            "source_dest_check": "true",
                            "subnet_id": "subnet-a53f65d3",
                            "tags.%": "1",
                            "tags.Name": "tf_instance",
                            "tenancy": "default",
                            "vpc_security_group_ids.#": "1",
                            "vpc_security_group_ids.1570239931": "sg-7888891f"
                        },
                        "meta": {
                            "schema_version": "1"
                        },
                        "tainted": false
                    },
                    "deposed": [],
                    "provider": ""
                },
                "aws_instance.dns-slave": {
                    "type": "aws_instance",
                    "depends_on": [
                        "aws_security_group.app",
                        "aws_subnet.public_web2"
                    ],
                    "primary": {
                        "id": "i-0e7650038ddd324d9",
                        "attributes": {
                            "ami": "ami-56d4ad31",
                            "associate_public_ip_address": "false",
                            "availability_zone": "ap-northeast-1c",
                            "disable_api_termination": "false",
                            "ebs_block_device.#": "1",
                            "ebs_block_device.2659407853.delete_on_termination": "true",
                            "ebs_block_device.2659407853.device_name": "/dev/sdf",
                            "ebs_block_device.2659407853.encrypted": "false",
                            "ebs_block_device.2659407853.iops": "300",
                            "ebs_block_device.2659407853.snapshot_id": "",
                            "ebs_block_device.2659407853.volume_size": "100",
                            "ebs_block_device.2659407853.volume_type": "gp2",
                            "ebs_optimized": "false",
                            "ephemeral_block_device.#": "0",
                            "iam_instance_profile": "",
                            "id": "i-0e7650038ddd324d9",
                            "instance_state": "running",
                            "instance_type": "t2.micro",
                            "ipv6_address_count": "0",
                            "ipv6_addresses.#": "0",
                            "key_name": "nao-key",
                            "monitoring": "false",
                            "network_interface_id": "eni-3247d16c",
                            "private_dns": "ip-10-10-2-16.ap-northeast-1.compute.internal",
                            "private_ip": "10.10.2.16",
                            "public_dns": "",
                            "public_ip": "",
                            "root_block_device.#": "1",
                            "root_block_device.0.delete_on_termination": "true",
                            "root_block_device.0.iops": "100",
                            "root_block_device.0.volume_size": "20",
                            "root_block_device.0.volume_type": "gp2",
                            "security_groups.#": "0",
                            "source_dest_check": "true",
                            "subnet_id": "subnet-0614705e",
                            "tags.%": "1",
                            "tags.Name": "tf_instance",
                            "tenancy": "default",
                            "vpc_security_group_ids.#": "1",
                            "vpc_security_group_ids.1570239931": "sg-7888891f"
                        },
                        "meta": {
                            "schema_version": "1"
                        },
                        "tainted": false
                    },
                    "deposed": [],
                    "provider": ""
                },
                "aws_internet_gateway.gw": {
                    "type": "aws_internet_gateway",
                    "depends_on": [
                        "aws_vpc.tf_vpc"
                    ],
                    "primary": {
                        "id": "igw-da5853bf",
                        "attributes": {
                            "id": "igw-da5853bf",
                            "tags.%": "1",
                            "tags.Name": "tf-gw",
                            "vpc_id": "vpc-fc118298"
                        },
                        "meta": {},
                        "tainted": false
                    },
                    "deposed": [],
                    "provider": ""
                },
                "aws_route_table.public_rtb": {
                    "type": "aws_route_table",
                    "depends_on": [
                        "aws_internet_gateway.gw",
                        "aws_vpc.tf_vpc"
                    ],
                    "primary": {
                        "id": "rtb-c04b68a4",
                        "attributes": {
                            "id": "rtb-c04b68a4",
                            "propagating_vgws.#": "0",
                            "route.#": "1",
                            "route.4114726468.cidr_block": "0.0.0.0/0",
                            "route.4114726468.gateway_id": "igw-da5853bf",
                            "route.4114726468.instance_id": "",
                            "route.4114726468.nat_gateway_id": "",
                            "route.4114726468.network_interface_id": "",
                            "route.4114726468.vpc_peering_connection_id": "",
                            "tags.%": "1",
                            "tags.Name": "tf_rtb",
                            "vpc_id": "vpc-fc118298"
                        },
                        "meta": {},
                        "tainted": false
                    },
                    "deposed": [],
                    "provider": ""
                },
                "aws_route_table_association.public_1": {
                    "type": "aws_route_table_association",
                    "depends_on": [
                        "aws_route_table.public_rtb",
                        "aws_subnet.public_web1"
                    ],
                    "primary": {
                        "id": "rtbassoc-aaa61bcd",
                        "attributes": {
                            "id": "rtbassoc-aaa61bcd",
                            "route_table_id": "rtb-c04b68a4",
                            "subnet_id": "subnet-a53f65d3"
                        },
                        "meta": {},
                        "tainted": false
                    },
                    "deposed": [],
                    "provider": ""
                },
                "aws_route_table_association.public_2": {
                    "type": "aws_route_table_association",
                    "depends_on": [
                        "aws_route_table.public_rtb",
                        "aws_subnet.public_web2"
                    ],
                    "primary": {
                        "id": "rtbassoc-59aa173e",
                        "attributes": {
                            "id": "rtbassoc-59aa173e",
                            "route_table_id": "rtb-c04b68a4",
                            "subnet_id": "subnet-0614705e"
                        },
                        "meta": {},
                        "tainted": false
                    },
                    "deposed": [],
                    "provider": ""
                },
                "aws_security_group.app": {
                    "type": "aws_security_group",
                    "depends_on": [
                        "aws_vpc.tf_vpc"
                    ],
                    "primary": {
                        "id": "sg-7888891f",
                        "attributes": {
                            "description": "It is a security group on http of tf_vpc",
                            "egress.#": "0",
                            "id": "sg-7888891f",
                            "ingress.#": "0",
                            "name": "tf_web",
                            "owner_id": "221306692225",
                            "tags.%": "1",
                            "tags.Name": "tf_web",
                            "vpc_id": "vpc-fc118298"
                        },
                        "meta": {},
                        "tainted": false
                    },
                    "deposed": [],
                    "provider": ""
                },
                "aws_security_group_rule.all": {
                    "type": "aws_security_group_rule",
                    "depends_on": [
                        "aws_security_group.app"
                    ],
                    "primary": {
                        "id": "sgrule-2497196202",
                        "attributes": {
                            "cidr_blocks.#": "1",
                            "cidr_blocks.0": "0.0.0.0/0",
                            "from_port": "0",
                            "id": "sgrule-2497196202",
                            "protocol": "tcp",
                            "security_group_id": "sg-7888891f",
                            "self": "false",
                            "to_port": "65535",
                            "type": "egress"
                        },
                        "meta": {
                            "schema_version": "2"
                        },
                        "tainted": false
                    },
                    "deposed": [],
                    "provider": ""
                },
                "aws_security_group_rule.dns": {
                    "type": "aws_security_group_rule",
                    "depends_on": [
                        "aws_security_group.app"
                    ],
                    "primary": {
                        "id": "sgrule-1346388440",
                        "attributes": {
                            "cidr_blocks.#": "1",
                            "cidr_blocks.0": "0.0.0.0/0",
                            "from_port": "53",
                            "id": "sgrule-1346388440",
                            "protocol": "udp",
                            "security_group_id": "sg-7888891f",
                            "self": "false",
                            "to_port": "53",
                            "type": "ingress"
                        },
                        "meta": {
                            "schema_version": "2"
                        },
                        "tainted": false
                    },
                    "deposed": [],
                    "provider": ""
                },
                "aws_security_group_rule.ssh": {
                    "type": "aws_security_group_rule",
                    "depends_on": [
                        "aws_security_group.app"
                    ],
                    "primary": {
                        "id": "sgrule-192926429",
                        "attributes": {
                            "cidr_blocks.#": "1",
                            "cidr_blocks.0": "0.0.0.0/0",
                            "from_port": "22",
                            "id": "sgrule-192926429",
                            "protocol": "tcp",
                            "security_group_id": "sg-7888891f",
                            "self": "false",
                            "to_port": "22",
                            "type": "ingress"
                        },
                        "meta": {
                            "schema_version": "2"
                        },
                        "tainted": false
                    },
                    "deposed": [],
                    "provider": ""
                },
                "aws_subnet.private_db1": {
                    "type": "aws_subnet",
                    "depends_on": [
                        "aws_vpc.tf_vpc"
                    ],
                    "primary": {
                        "id": "subnet-13386265",
                        "attributes": {
                            "assign_ipv6_address_on_creation": "false",
                            "availability_zone": "ap-northeast-1a",
                            "cidr_block": "10.10.3.0/24",
                            "id": "subnet-13386265",
                            "map_public_ip_on_launch": "false",
                            "tags.%": "1",
                            "tags.Name": "tf_private_db1",
                            "vpc_id": "vpc-fc118298"
                        },
                        "meta": {},
                        "tainted": false
                    },
                    "deposed": [],
                    "provider": ""
                },
                "aws_subnet.private_db2": {
                    "type": "aws_subnet",
                    "depends_on": [
                        "aws_vpc.tf_vpc"
                    ],
                    "primary": {
                        "id": "subnet-f01672a8",
                        "attributes": {
                            "assign_ipv6_address_on_creation": "false",
                            "availability_zone": "ap-northeast-1c",
                            "cidr_block": "10.10.4.0/24",
                            "id": "subnet-f01672a8",
                            "map_public_ip_on_launch": "false",
                            "tags.%": "1",
                            "tags.Name": "tf_private_db2",
                            "vpc_id": "vpc-fc118298"
                        },
                        "meta": {},
                        "tainted": false
                    },
                    "deposed": [],
                    "provider": ""
                },
                "aws_subnet.public_web1": {
                    "type": "aws_subnet",
                    "depends_on": [
                        "aws_vpc.tf_vpc"
                    ],
                    "primary": {
                        "id": "subnet-a53f65d3",
                        "attributes": {
                            "assign_ipv6_address_on_creation": "false",
                            "availability_zone": "ap-northeast-1a",
                            "cidr_block": "10.10.1.0/24",
                            "id": "subnet-a53f65d3",
                            "map_public_ip_on_launch": "false",
                            "tags.%": "1",
                            "tags.Name": "tf_public_web1",
                            "vpc_id": "vpc-fc118298"
                        },
                        "meta": {},
                        "tainted": false
                    },
                    "deposed": [],
                    "provider": ""
                },
                "aws_subnet.public_web2": {
                    "type": "aws_subnet",
                    "depends_on": [
                        "aws_vpc.tf_vpc"
                    ],
                    "primary": {
                        "id": "subnet-0614705e",
                        "attributes": {
                            "assign_ipv6_address_on_creation": "false",
                            "availability_zone": "ap-northeast-1c",
                            "cidr_block": "10.10.2.0/24",
                            "id": "subnet-0614705e",
                            "map_public_ip_on_launch": "false",
                            "tags.%": "1",
                            "tags.Name": "tf_public_web2",
                            "vpc_id": "vpc-fc118298"
                        },
                        "meta": {},
                        "tainted": false
                    },
                    "deposed": [],
                    "provider": ""
                },
                "aws_vpc.tf_vpc": {
                    "type": "aws_vpc",
                    "depends_on": [],
                    "primary": {
                        "id": "vpc-fc118298",
                        "attributes": {
                            "assign_generated_ipv6_cidr_block": "false",
                            "cidr_block": "10.10.0.0/16",
                            "default_network_acl_id": "acl-6a43130e",
                            "default_route_table_id": "rtb-44476420",
                            "default_security_group_id": "sg-fa8b8a9d",
                            "dhcp_options_id": "dopt-c4cbd4a1",
                            "enable_classiclink": "false",
                            "enable_dns_hostnames": "true",
                            "enable_dns_support": "true",
                            "id": "vpc-fc118298",
                            "instance_tenancy": "default",
                            "main_route_table_id": "rtb-44476420",
                            "tags.%": "1",
                            "tags.Name": "tf_vpc"
                        },
                        "meta": {},
                        "tainted": false
                    },
                    "deposed": [],
                    "provider": ""
                }
            },
            "depends_on": []
        }
    ]
}
