{
    "version": 3,
    "terraform_version": "0.8.8",
    "serial": 29,
    "lineage": "e2e1ed3d-5ded-4bcc-a26d-47131c61eb46",
    "modules": [
        {
            "path": [
                "root"
            ],
            "outputs": {
                "elastic_ip_of_dns-master": {
                    "sensitive": false,
                    "type": "string",
                    "value": "52.199.119.110"
                },
                "elastic_ip_of_dns-slave": {
                    "sensitive": false,
                    "type": "string",
                    "value": "54.65.19.31"
                }
            },
            "resources": {
                "aws_eip.dns-master": {
                    "type": "aws_eip",
                    "depends_on": [
                        "aws_instance.dns-master"
                    ],
                    "primary": {
                        "id": "eipalloc-ffc3329b",
                        "attributes": {
                            "association_id": "eipassoc-e7ef3481",
                            "domain": "vpc",
                            "id": "eipalloc-ffc3329b",
                            "instance": "i-0e7f272ba5a0d115a",
                            "network_interface": "eni-d128589e",
                            "private_ip": "10.10.1.119",
                            "public_ip": "52.199.119.110",
                            "vpc": "true"
                        },
                        "meta": {},
                        "tainted": false
                    },
                    "deposed": [],
                    "provider": ""
                },
                "aws_eip.dns-slave": {
                    "type": "aws_eip",
                    "depends_on": [
                        "aws_instance.dns-slave"
                    ],
                    "primary": {
                        "id": "eipalloc-fec3329a",
                        "attributes": {
                            "association_id": "eipassoc-a1e833c7",
                            "domain": "vpc",
                            "id": "eipalloc-fec3329a",
                            "instance": "i-0e8780000d1760d11",
                            "network_interface": "eni-8fa037d1",
                            "private_ip": "10.10.2.61",
                            "public_ip": "54.65.19.31",
                            "vpc": "true"
                        },
                        "meta": {},
                        "tainted": false
                    },
                    "deposed": [],
                    "provider": ""
                },
                "aws_instance.dns-master": {
                    "type": "aws_instance",
                    "depends_on": [
                        "aws_security_group.app",
                        "aws_subnet.public_web1"
                    ],
                    "primary": {
                        "id": "i-0e7f272ba5a0d115a",
                        "attributes": {
                            "ami": "ami-56d4ad31",
                            "associate_public_ip_address": "false",
                            "availability_zone": "ap-northeast-1a",
                            "disable_api_termination": "false",
                            "ebs_block_device.#": "1",
                            "ebs_block_device.2659407853.delete_on_termination": "true",
                            "ebs_block_device.2659407853.device_name": "/dev/sdf",
                            "ebs_block_device.2659407853.encrypted": "false",
                            "ebs_block_device.2659407853.iops": "300",
                            "ebs_block_device.2659407853.snapshot_id": "",
                            "ebs_block_device.2659407853.volume_size": "100",
                            "ebs_block_device.2659407853.volume_type": "gp2",
                            "ebs_optimized": "false",
                            "ephemeral_block_device.#": "0",
                            "iam_instance_profile": "",
                            "id": "i-0e7f272ba5a0d115a",
                            "instance_state": "running",
                            "instance_type": "t2.micro",
                            "ipv6_address_count": "0",
                            "ipv6_addresses.#": "0",
                            "key_name": "nao-key",
                            "monitoring": "false",
                            "network_interface_id": "eni-d128589e",
                            "private_dns": "ip-10-10-1-119.ap-northeast-1.compute.internal",
                            "private_ip": "10.10.1.119",
                            "public_dns": "",
                            "public_ip": "",
                            "root_block_device.#": "1",
                            "root_block_device.0.delete_on_termination": "true",
                            "root_block_device.0.iops": "100",
                            "root_block_device.0.volume_size": "20",
                            "root_block_device.0.volume_type": "gp2",
                            "security_groups.#": "0",
                            "source_dest_check": "true",
                            "subnet_id": "subnet-63f0ab15",
                            "tags.%": "1",
                            "tags.Name": "tf_instance",
                            "tenancy": "default",
                            "vpc_security_group_ids.#": "1",
                            "vpc_security_group_ids.1794332640": "sg-891a1bee"
                        },
                        "meta": {
                            "schema_version": "1"
                        },
                        "tainted": false
                    },
                    "deposed": [],
                    "provider": ""
                },
                "aws_instance.dns-slave": {
                    "type": "aws_instance",
                    "depends_on": [
                        "aws_security_group.app",
                        "aws_subnet.public_web2"
                    ],
                    "primary": {
                        "id": "i-0e8780000d1760d11",
                        "attributes": {
                            "ami": "ami-56d4ad31",
                            "associate_public_ip_address": "false",
                            "availability_zone": "ap-northeast-1c",
                            "disable_api_termination": "false",
                            "ebs_block_device.#": "1",
                            "ebs_block_device.2659407853.delete_on_termination": "true",
                            "ebs_block_device.2659407853.device_name": "/dev/sdf",
                            "ebs_block_device.2659407853.encrypted": "false",
                            "ebs_block_device.2659407853.iops": "300",
                            "ebs_block_device.2659407853.snapshot_id": "",
                            "ebs_block_device.2659407853.volume_size": "100",
                            "ebs_block_device.2659407853.volume_type": "gp2",
                            "ebs_optimized": "false",
                            "ephemeral_block_device.#": "0",
                            "iam_instance_profile": "",
                            "id": "i-0e8780000d1760d11",
                            "instance_state": "running",
                            "instance_type": "t2.micro",
                            "ipv6_address_count": "0",
                            "ipv6_addresses.#": "0",
                            "key_name": "nao-key",
                            "monitoring": "false",
                            "network_interface_id": "eni-8fa037d1",
                            "private_dns": "ip-10-10-2-61.ap-northeast-1.compute.internal",
                            "private_ip": "10.10.2.61",
                            "public_dns": "",
                            "public_ip": "",
                            "root_block_device.#": "1",
                            "root_block_device.0.delete_on_termination": "true",
                            "root_block_device.0.iops": "100",
                            "root_block_device.0.volume_size": "20",
                            "root_block_device.0.volume_type": "gp2",
                            "security_groups.#": "0",
                            "source_dest_check": "true",
                            "subnet_id": "subnet-23ddb87b",
                            "tags.%": "1",
                            "tags.Name": "tf_instance",
                            "tenancy": "default",
                            "vpc_security_group_ids.#": "1",
                            "vpc_security_group_ids.1794332640": "sg-891a1bee"
                        },
                        "meta": {
                            "schema_version": "1"
                        },
                        "tainted": false
                    },
                    "deposed": [],
                    "provider": ""
                },
                "aws_internet_gateway.gw": {
                    "type": "aws_internet_gateway",
                    "depends_on": [
                        "aws_vpc.tf_vpc"
                    ],
                    "primary": {
                        "id": "igw-7da7af18",
                        "attributes": {
                            "id": "igw-7da7af18",
                            "tags.%": "1",
                            "tags.Name": "tf-gw",
                            "vpc_id": "vpc-905fccf4"
                        },
                        "meta": {},
                        "tainted": false
                    },
                    "deposed": [],
                    "provider": ""
                },
                "aws_route_table.public_rtb": {
                    "type": "aws_route_table",
                    "depends_on": [
                        "aws_internet_gateway.gw",
                        "aws_vpc.tf_vpc"
                    ],
                    "primary": {
                        "id": "rtb-1281a176",
                        "attributes": {
                            "id": "rtb-1281a176",
                            "propagating_vgws.#": "0",
                            "route.#": "1",
                            "route.4128182453.cidr_block": "0.0.0.0/0",
                            "route.4128182453.gateway_id": "igw-7da7af18",
                            "route.4128182453.instance_id": "",
                            "route.4128182453.nat_gateway_id": "",
                            "route.4128182453.network_interface_id": "",
                            "route.4128182453.vpc_peering_connection_id": "",
                            "tags.%": "1",
                            "tags.Name": "tf_rtb",
                            "vpc_id": "vpc-905fccf4"
                        },
                        "meta": {},
                        "tainted": false
                    },
                    "deposed": [],
                    "provider": ""
                },
                "aws_route_table_association.public_1": {
                    "type": "aws_route_table_association",
                    "depends_on": [
                        "aws_route_table.public_rtb",
                        "aws_subnet.public_web1"
                    ],
                    "primary": {
                        "id": "rtbassoc-4ff84528",
                        "attributes": {
                            "id": "rtbassoc-4ff84528",
                            "route_table_id": "rtb-1281a176",
                            "subnet_id": "subnet-63f0ab15"
                        },
                        "meta": {},
                        "tainted": false
                    },
                    "deposed": [],
                    "provider": ""
                },
                "aws_route_table_association.public_2": {
                    "type": "aws_route_table_association",
                    "depends_on": [
                        "aws_route_table.public_rtb",
                        "aws_subnet.public_web2"
                    ],
                    "primary": {
                        "id": "rtbassoc-d9fa47be",
                        "attributes": {
                            "id": "rtbassoc-d9fa47be",
                            "route_table_id": "rtb-1281a176",
                            "subnet_id": "subnet-23ddb87b"
                        },
                        "meta": {},
                        "tainted": false
                    },
                    "deposed": [],
                    "provider": ""
                },
                "aws_security_group.app": {
                    "type": "aws_security_group",
                    "depends_on": [
                        "aws_vpc.tf_vpc"
                    ],
                    "primary": {
                        "id": "sg-891a1bee",
                        "attributes": {
                            "description": "It is a security group on http of tf_vpc",
                            "egress.#": "0",
                            "id": "sg-891a1bee",
                            "ingress.#": "0",
                            "name": "tf_web",
                            "owner_id": "221306692225",
                            "tags.%": "1",
                            "tags.Name": "tf_web",
                            "vpc_id": "vpc-905fccf4"
                        },
                        "meta": {},
                        "tainted": false
                    },
                    "deposed": [],
                    "provider": ""
                },
                "aws_security_group_rule.all": {
                    "type": "aws_security_group_rule",
                    "depends_on": [
                        "aws_security_group.app"
                    ],
                    "primary": {
                        "id": "sgrule-1438428640",
                        "attributes": {
                            "cidr_blocks.#": "1",
                            "cidr_blocks.0": "0.0.0.0/0",
                            "from_port": "0",
                            "id": "sgrule-1438428640",
                            "protocol": "tcp",
                            "security_group_id": "sg-891a1bee",
                            "self": "false",
                            "to_port": "65535",
                            "type": "egress"
                        },
                        "meta": {
                            "schema_version": "2"
                        },
                        "tainted": false
                    },
                    "deposed": [],
                    "provider": ""
                },
                "aws_security_group_rule.dns": {
                    "type": "aws_security_group_rule",
                    "depends_on": [
                        "aws_security_group.app"
                    ],
                    "primary": {
                        "id": "sgrule-3330837963",
                        "attributes": {
                            "cidr_blocks.#": "1",
                            "cidr_blocks.0": "0.0.0.0/0",
                            "from_port": "53",
                            "id": "sgrule-3330837963",
                            "protocol": "udp",
                            "security_group_id": "sg-891a1bee",
                            "self": "false",
                            "to_port": "53",
                            "type": "ingress"
                        },
                        "meta": {
                            "schema_version": "2"
                        },
                        "tainted": false
                    },
                    "deposed": [],
                    "provider": ""
                },
                "aws_security_group_rule.ssh": {
                    "type": "aws_security_group_rule",
                    "depends_on": [
                        "aws_security_group.app"
                    ],
                    "primary": {
                        "id": "sgrule-2646023886",
                        "attributes": {
                            "cidr_blocks.#": "1",
                            "cidr_blocks.0": "0.0.0.0/0",
                            "from_port": "22",
                            "id": "sgrule-2646023886",
                            "protocol": "tcp",
                            "security_group_id": "sg-891a1bee",
                            "self": "false",
                            "to_port": "22",
                            "type": "ingress"
                        },
                        "meta": {
                            "schema_version": "2"
                        },
                        "tainted": false
                    },
                    "deposed": [],
                    "provider": ""
                },
                "aws_subnet.private_db1": {
                    "type": "aws_subnet",
                    "depends_on": [
                        "aws_vpc.tf_vpc"
                    ],
                    "primary": {
                        "id": "subnet-e7f7ac91",
                        "attributes": {
                            "assign_ipv6_address_on_creation": "false",
                            "availability_zone": "ap-northeast-1a",
                            "cidr_block": "10.10.3.0/24",
                            "id": "subnet-e7f7ac91",
                            "map_public_ip_on_launch": "false",
                            "tags.%": "1",
                            "tags.Name": "tf_private_db1",
                            "vpc_id": "vpc-905fccf4"
                        },
                        "meta": {},
                        "tainted": false
                    },
                    "deposed": [],
                    "provider": ""
                },
                "aws_subnet.private_db2": {
                    "type": "aws_subnet",
                    "depends_on": [
                        "aws_vpc.tf_vpc"
                    ],
                    "primary": {
                        "id": "subnet-a1dbbef9",
                        "attributes": {
                            "assign_ipv6_address_on_creation": "false",
                            "availability_zone": "ap-northeast-1c",
                            "cidr_block": "10.10.4.0/24",
                            "id": "subnet-a1dbbef9",
                            "map_public_ip_on_launch": "false",
                            "tags.%": "1",
                            "tags.Name": "tf_private_db2",
                            "vpc_id": "vpc-905fccf4"
                        },
                        "meta": {},
                        "tainted": false
                    },
                    "deposed": [],
                    "provider": ""
                },
                "aws_subnet.public_web1": {
                    "type": "aws_subnet",
                    "depends_on": [
                        "aws_vpc.tf_vpc"
                    ],
                    "primary": {
                        "id": "subnet-63f0ab15",
                        "attributes": {
                            "assign_ipv6_address_on_creation": "false",
                            "availability_zone": "ap-northeast-1a",
                            "cidr_block": "10.10.1.0/24",
                            "id": "subnet-63f0ab15",
                            "map_public_ip_on_launch": "false",
                            "tags.%": "1",
                            "tags.Name": "tf_public_web1",
                            "vpc_id": "vpc-905fccf4"
                        },
                        "meta": {},
                        "tainted": false
                    },
                    "deposed": [],
                    "provider": ""
                },
                "aws_subnet.public_web2": {
                    "type": "aws_subnet",
                    "depends_on": [
                        "aws_vpc.tf_vpc"
                    ],
                    "primary": {
                        "id": "subnet-23ddb87b",
                        "attributes": {
                            "assign_ipv6_address_on_creation": "false",
                            "availability_zone": "ap-northeast-1c",
                            "cidr_block": "10.10.2.0/24",
                            "id": "subnet-23ddb87b",
                            "map_public_ip_on_launch": "false",
                            "tags.%": "1",
                            "tags.Name": "tf_public_web2",
                            "vpc_id": "vpc-905fccf4"
                        },
                        "meta": {},
                        "tainted": false
                    },
                    "deposed": [],
                    "provider": ""
                },
                "aws_vpc.tf_vpc": {
                    "type": "aws_vpc",
                    "depends_on": [],
                    "primary": {
                        "id": "vpc-905fccf4",
                        "attributes": {
                            "assign_generated_ipv6_cidr_block": "false",
                            "cidr_block": "10.10.0.0/16",
                            "default_network_acl_id": "acl-fc055598",
                            "default_route_table_id": "rtb-f684a492",
                            "default_security_group_id": "sg-15191872",
                            "dhcp_options_id": "dopt-c4cbd4a1",
                            "enable_classiclink": "false",
                            "enable_dns_hostnames": "true",
                            "enable_dns_support": "true",
                            "id": "vpc-905fccf4",
                            "instance_tenancy": "default",
                            "main_route_table_id": "rtb-f684a492",
                            "tags.%": "1",
                            "tags.Name": "tf_vpc"
                        },
                        "meta": {},
                        "tainted": false
                    },
                    "deposed": [],
                    "provider": ""
                }
            },
            "depends_on": []
        }
    ]
}
