{
    "version": 3,
    "terraform_version": "0.8.8",
    "serial": 33,
    "lineage": "e2e1ed3d-5ded-4bcc-a26d-47131c61eb46",
    "modules": [
        {
            "path": [
                "root"
            ],
            "outputs": {
                "elastic_ip_of_dns-master": {
                    "sensitive": false,
                    "type": "string",
                    "value": "13.112.67.13"
                },
                "elastic_ip_of_dns-slave": {
                    "sensitive": false,
                    "type": "string",
                    "value": "13.113.108.150"
                }
            },
            "resources": {
                "aws_eip.dns-master": {
                    "type": "aws_eip",
                    "depends_on": [
                        "aws_instance.dns-master"
                    ],
                    "primary": {
                        "id": "eipalloc-10738274",
                        "attributes": {
                            "association_id": "eipassoc-0e914b68",
                            "domain": "vpc",
                            "id": "eipalloc-10738274",
                            "instance": "i-0cc1972fc55dfa266",
                            "network_interface": "eni-fee093b1",
                            "private_ip": "10.10.1.210",
                            "public_ip": "13.112.67.13",
                            "vpc": "true"
                        },
                        "meta": {},
                        "tainted": false
                    },
                    "deposed": [],
                    "provider": ""
                },
                "aws_eip.dns-slave": {
                    "type": "aws_eip",
                    "depends_on": [
                        "aws_instance.dns-slave"
                    ],
                    "primary": {
                        "id": "eipalloc-f70ffe93",
                        "attributes": {
                            "association_id": "eipassoc-f8974d9e",
                            "domain": "vpc",
                            "id": "eipalloc-f70ffe93",
                            "instance": "i-0b680014ca4304b4c",
                            "network_interface": "eni-f425b3aa",
                            "private_ip": "10.10.2.130",
                            "public_ip": "13.113.108.150",
                            "vpc": "true"
                        },
                        "meta": {},
                        "tainted": false
                    },
                    "deposed": [],
                    "provider": ""
                },
                "aws_instance.dns-master": {
                    "type": "aws_instance",
                    "depends_on": [
                        "aws_security_group.app",
                        "aws_subnet.public_web1"
                    ],
                    "primary": {
                        "id": "i-0cc1972fc55dfa266",
                        "attributes": {
                            "ami": "ami-56d4ad31",
                            "associate_public_ip_address": "false",
                            "availability_zone": "ap-northeast-1a",
                            "disable_api_termination": "false",
                            "ebs_block_device.#": "1",
                            "ebs_block_device.2659407853.delete_on_termination": "true",
                            "ebs_block_device.2659407853.device_name": "/dev/sdf",
                            "ebs_block_device.2659407853.encrypted": "false",
                            "ebs_block_device.2659407853.iops": "300",
                            "ebs_block_device.2659407853.snapshot_id": "",
                            "ebs_block_device.2659407853.volume_size": "100",
                            "ebs_block_device.2659407853.volume_type": "gp2",
                            "ebs_optimized": "false",
                            "ephemeral_block_device.#": "0",
                            "iam_instance_profile": "",
                            "id": "i-0cc1972fc55dfa266",
                            "instance_state": "running",
                            "instance_type": "t2.micro",
                            "ipv6_address_count": "0",
                            "ipv6_addresses.#": "0",
                            "key_name": "nao-key",
                            "monitoring": "false",
                            "network_interface_id": "eni-fee093b1",
                            "private_dns": "ip-10-10-1-210.ap-northeast-1.compute.internal",
                            "private_ip": "10.10.1.210",
                            "public_dns": "",
                            "public_ip": "",
                            "root_block_device.#": "1",
                            "root_block_device.0.delete_on_termination": "true",
                            "root_block_device.0.iops": "100",
                            "root_block_device.0.volume_size": "20",
                            "root_block_device.0.volume_type": "gp2",
                            "security_groups.#": "0",
                            "source_dest_check": "true",
                            "subnet_id": "subnet-8d267cfb",
                            "tags.%": "1",
                            "tags.Name": "tf_instance",
                            "tenancy": "default",
                            "vpc_security_group_ids.#": "1",
                            "vpc_security_group_ids.2435803031": "sg-e9b9b88e"
                        },
                        "meta": {
                            "schema_version": "1"
                        },
                        "tainted": false
                    },
                    "deposed": [],
                    "provider": ""
                },
                "aws_instance.dns-slave": {
                    "type": "aws_instance",
                    "depends_on": [
                        "aws_security_group.app",
                        "aws_subnet.public_web2"
                    ],
                    "primary": {
                        "id": "i-0b680014ca4304b4c",
                        "attributes": {
                            "ami": "ami-56d4ad31",
                            "associate_public_ip_address": "false",
                            "availability_zone": "ap-northeast-1c",
                            "disable_api_termination": "false",
                            "ebs_block_device.#": "1",
                            "ebs_block_device.2659407853.delete_on_termination": "true",
                            "ebs_block_device.2659407853.device_name": "/dev/sdf",
                            "ebs_block_device.2659407853.encrypted": "false",
                            "ebs_block_device.2659407853.iops": "300",
                            "ebs_block_device.2659407853.snapshot_id": "",
                            "ebs_block_device.2659407853.volume_size": "100",
                            "ebs_block_device.2659407853.volume_type": "gp2",
                            "ebs_optimized": "false",
                            "ephemeral_block_device.#": "0",
                            "iam_instance_profile": "",
                            "id": "i-0b680014ca4304b4c",
                            "instance_state": "running",
                            "instance_type": "t2.micro",
                            "ipv6_address_count": "0",
                            "ipv6_addresses.#": "0",
                            "key_name": "nao-key",
                            "monitoring": "false",
                            "network_interface_id": "eni-f425b3aa",
                            "private_dns": "ip-10-10-2-130.ap-northeast-1.compute.internal",
                            "private_ip": "10.10.2.130",
                            "public_dns": "",
                            "public_ip": "",
                            "root_block_device.#": "1",
                            "root_block_device.0.delete_on_termination": "true",
                            "root_block_device.0.iops": "100",
                            "root_block_device.0.volume_size": "20",
                            "root_block_device.0.volume_type": "gp2",
                            "security_groups.#": "0",
                            "source_dest_check": "true",
                            "subnet_id": "subnet-e66a0ebe",
                            "tags.%": "1",
                            "tags.Name": "tf_instance",
                            "tenancy": "default",
                            "vpc_security_group_ids.#": "1",
                            "vpc_security_group_ids.2435803031": "sg-e9b9b88e"
                        },
                        "meta": {
                            "schema_version": "1"
                        },
                        "tainted": false
                    },
                    "deposed": [],
                    "provider": ""
                },
                "aws_internet_gateway.gw": {
                    "type": "aws_internet_gateway",
                    "depends_on": [
                        "aws_vpc.tf_vpc"
                    ],
                    "primary": {
                        "id": "igw-c6575ca3",
                        "attributes": {
                            "id": "igw-c6575ca3",
                            "tags.%": "1",
                            "tags.Name": "tf-gw",
                            "vpc_id": "vpc-bc0c9fd8"
                        },
                        "meta": {},
                        "tainted": false
                    },
                    "deposed": [],
                    "provider": ""
                },
                "aws_route_table.public_rtb": {
                    "type": "aws_route_table",
                    "depends_on": [
                        "aws_internet_gateway.gw",
                        "aws_vpc.tf_vpc"
                    ],
                    "primary": {
                        "id": "rtb-2f280b4b",
                        "attributes": {
                            "id": "rtb-2f280b4b",
                            "propagating_vgws.#": "0",
                            "route.#": "1",
                            "route.156704781.cidr_block": "0.0.0.0/0",
                            "route.156704781.gateway_id": "igw-c6575ca3",
                            "route.156704781.instance_id": "",
                            "route.156704781.nat_gateway_id": "",
                            "route.156704781.network_interface_id": "",
                            "route.156704781.vpc_peering_connection_id": "",
                            "tags.%": "1",
                            "tags.Name": "tf_rtb",
                            "vpc_id": "vpc-bc0c9fd8"
                        },
                        "meta": {},
                        "tainted": false
                    },
                    "deposed": [],
                    "provider": ""
                },
                "aws_route_table_association.public_1": {
                    "type": "aws_route_table_association",
                    "depends_on": [
                        "aws_route_table.public_rtb",
                        "aws_subnet.public_web1"
                    ],
                    "primary": {
                        "id": "rtbassoc-c26dd0a5",
                        "attributes": {
                            "id": "rtbassoc-c26dd0a5",
                            "route_table_id": "rtb-2f280b4b",
                            "subnet_id": "subnet-8d267cfb"
                        },
                        "meta": {},
                        "tainted": false
                    },
                    "deposed": [],
                    "provider": ""
                },
                "aws_route_table_association.public_2": {
                    "type": "aws_route_table_association",
                    "depends_on": [
                        "aws_route_table.public_rtb",
                        "aws_subnet.public_web2"
                    ],
                    "primary": {
                        "id": "rtbassoc-556fd232",
                        "attributes": {
                            "id": "rtbassoc-556fd232",
                            "route_table_id": "rtb-2f280b4b",
                            "subnet_id": "subnet-e66a0ebe"
                        },
                        "meta": {},
                        "tainted": false
                    },
                    "deposed": [],
                    "provider": ""
                },
                "aws_security_group.app": {
                    "type": "aws_security_group",
                    "depends_on": [
                        "aws_vpc.tf_vpc"
                    ],
                    "primary": {
                        "id": "sg-e9b9b88e",
                        "attributes": {
                            "description": "It is a security group on http of tf_vpc",
                            "egress.#": "0",
                            "id": "sg-e9b9b88e",
                            "ingress.#": "0",
                            "name": "tf_web",
                            "owner_id": "221306692225",
                            "tags.%": "1",
                            "tags.Name": "tf_web",
                            "vpc_id": "vpc-bc0c9fd8"
                        },
                        "meta": {},
                        "tainted": false
                    },
                    "deposed": [],
                    "provider": ""
                },
                "aws_security_group_rule.all": {
                    "type": "aws_security_group_rule",
                    "depends_on": [
                        "aws_security_group.app"
                    ],
                    "primary": {
                        "id": "sgrule-1470054238",
                        "attributes": {
                            "cidr_blocks.#": "1",
                            "cidr_blocks.0": "0.0.0.0/0",
                            "from_port": "0",
                            "id": "sgrule-1470054238",
                            "protocol": "tcp",
                            "security_group_id": "sg-e9b9b88e",
                            "self": "false",
                            "to_port": "65535",
                            "type": "egress"
                        },
                        "meta": {
                            "schema_version": "2"
                        },
                        "tainted": false
                    },
                    "deposed": [],
                    "provider": ""
                },
                "aws_security_group_rule.dns": {
                    "type": "aws_security_group_rule",
                    "depends_on": [
                        "aws_security_group.app"
                    ],
                    "primary": {
                        "id": "sgrule-3931320530",
                        "attributes": {
                            "cidr_blocks.#": "1",
                            "cidr_blocks.0": "0.0.0.0/0",
                            "from_port": "53",
                            "id": "sgrule-3931320530",
                            "protocol": "udp",
                            "security_group_id": "sg-e9b9b88e",
                            "self": "false",
                            "to_port": "53",
                            "type": "ingress"
                        },
                        "meta": {
                            "schema_version": "2"
                        },
                        "tainted": false
                    },
                    "deposed": [],
                    "provider": ""
                },
                "aws_security_group_rule.ssh": {
                    "type": "aws_security_group_rule",
                    "depends_on": [
                        "aws_security_group.app"
                    ],
                    "primary": {
                        "id": "sgrule-2976687063",
                        "attributes": {
                            "cidr_blocks.#": "1",
                            "cidr_blocks.0": "0.0.0.0/0",
                            "from_port": "22",
                            "id": "sgrule-2976687063",
                            "protocol": "tcp",
                            "security_group_id": "sg-e9b9b88e",
                            "self": "false",
                            "to_port": "22",
                            "type": "ingress"
                        },
                        "meta": {
                            "schema_version": "2"
                        },
                        "tainted": false
                    },
                    "deposed": [],
                    "provider": ""
                },
                "aws_subnet.private_db1": {
                    "type": "aws_subnet",
                    "depends_on": [
                        "aws_vpc.tf_vpc"
                    ],
                    "primary": {
                        "id": "subnet-a05802d6",
                        "attributes": {
                            "assign_ipv6_address_on_creation": "false",
                            "availability_zone": "ap-northeast-1a",
                            "cidr_block": "10.10.3.0/24",
                            "id": "subnet-a05802d6",
                            "map_public_ip_on_launch": "false",
                            "tags.%": "1",
                            "tags.Name": "tf_private_db1",
                            "vpc_id": "vpc-bc0c9fd8"
                        },
                        "meta": {},
                        "tainted": false
                    },
                    "deposed": [],
                    "provider": ""
                },
                "aws_subnet.private_db2": {
                    "type": "aws_subnet",
                    "depends_on": [
                        "aws_vpc.tf_vpc"
                    ],
                    "primary": {
                        "id": "subnet-b27612ea",
                        "attributes": {
                            "assign_ipv6_address_on_creation": "false",
                            "availability_zone": "ap-northeast-1c",
                            "cidr_block": "10.10.4.0/24",
                            "id": "subnet-b27612ea",
                            "map_public_ip_on_launch": "false",
                            "tags.%": "1",
                            "tags.Name": "tf_private_db2",
                            "vpc_id": "vpc-bc0c9fd8"
                        },
                        "meta": {},
                        "tainted": false
                    },
                    "deposed": [],
                    "provider": ""
                },
                "aws_subnet.public_web1": {
                    "type": "aws_subnet",
                    "depends_on": [
                        "aws_vpc.tf_vpc"
                    ],
                    "primary": {
                        "id": "subnet-8d267cfb",
                        "attributes": {
                            "assign_ipv6_address_on_creation": "false",
                            "availability_zone": "ap-northeast-1a",
                            "cidr_block": "10.10.1.0/24",
                            "id": "subnet-8d267cfb",
                            "map_public_ip_on_launch": "false",
                            "tags.%": "1",
                            "tags.Name": "tf_public_web1",
                            "vpc_id": "vpc-bc0c9fd8"
                        },
                        "meta": {},
                        "tainted": false
                    },
                    "deposed": [],
                    "provider": ""
                },
                "aws_subnet.public_web2": {
                    "type": "aws_subnet",
                    "depends_on": [
                        "aws_vpc.tf_vpc"
                    ],
                    "primary": {
                        "id": "subnet-e66a0ebe",
                        "attributes": {
                            "assign_ipv6_address_on_creation": "false",
                            "availability_zone": "ap-northeast-1c",
                            "cidr_block": "10.10.2.0/24",
                            "id": "subnet-e66a0ebe",
                            "map_public_ip_on_launch": "false",
                            "tags.%": "1",
                            "tags.Name": "tf_public_web2",
                            "vpc_id": "vpc-bc0c9fd8"
                        },
                        "meta": {},
                        "tainted": false
                    },
                    "deposed": [],
                    "provider": ""
                },
                "aws_vpc.tf_vpc": {
                    "type": "aws_vpc",
                    "depends_on": [],
                    "primary": {
                        "id": "vpc-bc0c9fd8",
                        "attributes": {
                            "assign_generated_ipv6_cidr_block": "false",
                            "cidr_block": "10.10.0.0/16",
                            "default_network_acl_id": "acl-367f2f52",
                            "default_route_table_id": "rtb-6e2a090a",
                            "default_security_group_id": "sg-09b6b76e",
                            "dhcp_options_id": "dopt-c4cbd4a1",
                            "enable_classiclink": "false",
                            "enable_dns_hostnames": "true",
                            "enable_dns_support": "true",
                            "id": "vpc-bc0c9fd8",
                            "instance_tenancy": "default",
                            "main_route_table_id": "rtb-6e2a090a",
                            "tags.%": "1",
                            "tags.Name": "tf_vpc"
                        },
                        "meta": {},
                        "tainted": false
                    },
                    "deposed": [],
                    "provider": ""
                }
            },
            "depends_on": []
        }
    ]
}
