{
    "version": 3,
    "terraform_version": "0.8.8",
    "serial": 35,
    "lineage": "e2e1ed3d-5ded-4bcc-a26d-47131c61eb46",
    "modules": [
        {
            "path": [
                "root"
            ],
            "outputs": {
                "elastic_ip_of_dns-master": {
                    "sensitive": false,
                    "type": "string",
                    "value": "52.68.116.160"
                },
                "elastic_ip_of_dns-slave": {
                    "sensitive": false,
                    "type": "string",
                    "value": "52.199.58.187"
                }
            },
            "resources": {
                "aws_eip.dns-master": {
                    "type": "aws_eip",
                    "depends_on": [
                        "aws_instance.dns-master"
                    ],
                    "primary": {
                        "id": "eipalloc-56b74732",
                        "attributes": {
                            "association_id": "eipassoc-5f04de39",
                            "domain": "vpc",
                            "id": "eipalloc-56b74732",
                            "instance": "i-0a7170ce8a2164c16",
                            "network_interface": "eni-146a175b",
                            "private_ip": "10.10.1.194",
                            "public_ip": "52.68.116.160",
                            "vpc": "true"
                        },
                        "meta": {},
                        "tainted": false
                    },
                    "deposed": [],
                    "provider": ""
                },
                "aws_eip.dns-slave": {
                    "type": "aws_eip",
                    "depends_on": [
                        "aws_instance.dns-slave"
                    ],
                    "primary": {
                        "id": "eipalloc-2eb8484a",
                        "attributes": {
                            "association_id": "eipassoc-913be1f7",
                            "domain": "vpc",
                            "id": "eipalloc-2eb8484a",
                            "instance": "i-0aeeb316677417ce4",
                            "network_interface": "eni-76e07028",
                            "private_ip": "10.10.2.81",
                            "public_ip": "52.199.58.187",
                            "vpc": "true"
                        },
                        "meta": {},
                        "tainted": false
                    },
                    "deposed": [],
                    "provider": ""
                },
                "aws_instance.dns-master": {
                    "type": "aws_instance",
                    "depends_on": [
                        "aws_security_group.app",
                        "aws_subnet.public_web1"
                    ],
                    "primary": {
                        "id": "i-0a7170ce8a2164c16",
                        "attributes": {
                            "ami": "ami-56d4ad31",
                            "associate_public_ip_address": "false",
                            "availability_zone": "ap-northeast-1a",
                            "disable_api_termination": "false",
                            "ebs_block_device.#": "1",
                            "ebs_block_device.2659407853.delete_on_termination": "true",
                            "ebs_block_device.2659407853.device_name": "/dev/sdf",
                            "ebs_block_device.2659407853.encrypted": "false",
                            "ebs_block_device.2659407853.iops": "300",
                            "ebs_block_device.2659407853.snapshot_id": "",
                            "ebs_block_device.2659407853.volume_size": "100",
                            "ebs_block_device.2659407853.volume_type": "gp2",
                            "ebs_optimized": "false",
                            "ephemeral_block_device.#": "0",
                            "iam_instance_profile": "",
                            "id": "i-0a7170ce8a2164c16",
                            "instance_state": "running",
                            "instance_type": "t2.micro",
                            "ipv6_address_count": "0",
                            "ipv6_addresses.#": "0",
                            "key_name": "nao-key",
                            "monitoring": "false",
                            "network_interface_id": "eni-146a175b",
                            "private_dns": "ip-10-10-1-194.ap-northeast-1.compute.internal",
                            "private_ip": "10.10.1.194",
                            "public_dns": "",
                            "public_ip": "",
                            "root_block_device.#": "1",
                            "root_block_device.0.delete_on_termination": "true",
                            "root_block_device.0.iops": "100",
                            "root_block_device.0.volume_size": "20",
                            "root_block_device.0.volume_type": "gp2",
                            "security_groups.#": "0",
                            "source_dest_check": "true",
                            "subnet_id": "subnet-fa96cc8c",
                            "tags.%": "1",
                            "tags.Name": "tf_instance",
                            "tenancy": "default",
                            "vpc_security_group_ids.#": "1",
                            "vpc_security_group_ids.3936508336": "sg-49caca2e"
                        },
                        "meta": {
                            "schema_version": "1"
                        },
                        "tainted": false
                    },
                    "deposed": [],
                    "provider": ""
                },
                "aws_instance.dns-slave": {
                    "type": "aws_instance",
                    "depends_on": [
                        "aws_security_group.app",
                        "aws_subnet.public_web2"
                    ],
                    "primary": {
                        "id": "i-0aeeb316677417ce4",
                        "attributes": {
                            "ami": "ami-56d4ad31",
                            "associate_public_ip_address": "false",
                            "availability_zone": "ap-northeast-1c",
                            "disable_api_termination": "false",
                            "ebs_block_device.#": "1",
                            "ebs_block_device.2659407853.delete_on_termination": "true",
                            "ebs_block_device.2659407853.device_name": "/dev/sdf",
                            "ebs_block_device.2659407853.encrypted": "false",
                            "ebs_block_device.2659407853.iops": "300",
                            "ebs_block_device.2659407853.snapshot_id": "",
                            "ebs_block_device.2659407853.volume_size": "100",
                            "ebs_block_device.2659407853.volume_type": "gp2",
                            "ebs_optimized": "false",
                            "ephemeral_block_device.#": "0",
                            "iam_instance_profile": "",
                            "id": "i-0aeeb316677417ce4",
                            "instance_state": "running",
                            "instance_type": "t2.micro",
                            "ipv6_address_count": "0",
                            "ipv6_addresses.#": "0",
                            "key_name": "nao-key",
                            "monitoring": "false",
                            "network_interface_id": "eni-76e07028",
                            "private_dns": "ip-10-10-2-81.ap-northeast-1.compute.internal",
                            "private_ip": "10.10.2.81",
                            "public_dns": "",
                            "public_ip": "",
                            "root_block_device.#": "1",
                            "root_block_device.0.delete_on_termination": "true",
                            "root_block_device.0.iops": "100",
                            "root_block_device.0.volume_size": "20",
                            "root_block_device.0.volume_type": "gp2",
                            "security_groups.#": "0",
                            "source_dest_check": "true",
                            "subnet_id": "subnet-44b2d61c",
                            "tags.%": "1",
                            "tags.Name": "tf_instance",
                            "tenancy": "default",
                            "vpc_security_group_ids.#": "1",
                            "vpc_security_group_ids.3936508336": "sg-49caca2e"
                        },
                        "meta": {
                            "schema_version": "1"
                        },
                        "tainted": false
                    },
                    "deposed": [],
                    "provider": ""
                },
                "aws_internet_gateway.gw": {
                    "type": "aws_internet_gateway",
                    "depends_on": [
                        "aws_vpc.tf_vpc"
                    ],
                    "primary": {
                        "id": "igw-a0040fc5",
                        "attributes": {
                            "id": "igw-a0040fc5",
                            "tags.%": "1",
                            "tags.Name": "tf-gw",
                            "vpc_id": "vpc-45f56721"
                        },
                        "meta": {},
                        "tainted": false
                    },
                    "deposed": [],
                    "provider": ""
                },
                "aws_route_table.public_rtb": {
                    "type": "aws_route_table",
                    "depends_on": [
                        "aws_internet_gateway.gw",
                        "aws_vpc.tf_vpc"
                    ],
                    "primary": {
                        "id": "rtb-bcfbd8d8",
                        "attributes": {
                            "id": "rtb-bcfbd8d8",
                            "propagating_vgws.#": "0",
                            "route.#": "1",
                            "route.1609015032.cidr_block": "0.0.0.0/0",
                            "route.1609015032.gateway_id": "igw-a0040fc5",
                            "route.1609015032.instance_id": "",
                            "route.1609015032.nat_gateway_id": "",
                            "route.1609015032.network_interface_id": "",
                            "route.1609015032.vpc_peering_connection_id": "",
                            "tags.%": "1",
                            "tags.Name": "tf_rtb",
                            "vpc_id": "vpc-45f56721"
                        },
                        "meta": {},
                        "tainted": false
                    },
                    "deposed": [],
                    "provider": ""
                },
                "aws_route_table_association.public_1": {
                    "type": "aws_route_table_association",
                    "depends_on": [
                        "aws_route_table.public_rtb",
                        "aws_subnet.public_web1"
                    ],
                    "primary": {
                        "id": "rtbassoc-04ff4363",
                        "attributes": {
                            "id": "rtbassoc-04ff4363",
                            "route_table_id": "rtb-bcfbd8d8",
                            "subnet_id": "subnet-fa96cc8c"
                        },
                        "meta": {},
                        "tainted": false
                    },
                    "deposed": [],
                    "provider": ""
                },
                "aws_route_table_association.public_2": {
                    "type": "aws_route_table_association",
                    "depends_on": [
                        "aws_route_table.public_rtb",
                        "aws_subnet.public_web2"
                    ],
                    "primary": {
                        "id": "rtbassoc-64ff4303",
                        "attributes": {
                            "id": "rtbassoc-64ff4303",
                            "route_table_id": "rtb-bcfbd8d8",
                            "subnet_id": "subnet-44b2d61c"
                        },
                        "meta": {},
                        "tainted": false
                    },
                    "deposed": [],
                    "provider": ""
                },
                "aws_security_group.app": {
                    "type": "aws_security_group",
                    "depends_on": [
                        "aws_vpc.tf_vpc"
                    ],
                    "primary": {
                        "id": "sg-49caca2e",
                        "attributes": {
                            "description": "It is a security group on http of tf_vpc",
                            "egress.#": "0",
                            "id": "sg-49caca2e",
                            "ingress.#": "0",
                            "name": "tf_web",
                            "owner_id": "221306692225",
                            "tags.%": "1",
                            "tags.Name": "tf_web",
                            "vpc_id": "vpc-45f56721"
                        },
                        "meta": {},
                        "tainted": false
                    },
                    "deposed": [],
                    "provider": ""
                },
                "aws_security_group_rule.all": {
                    "type": "aws_security_group_rule",
                    "depends_on": [
                        "aws_security_group.app"
                    ],
                    "primary": {
                        "id": "sgrule-2046303042",
                        "attributes": {
                            "cidr_blocks.#": "1",
                            "cidr_blocks.0": "0.0.0.0/0",
                            "from_port": "0",
                            "id": "sgrule-2046303042",
                            "protocol": "tcp",
                            "security_group_id": "sg-49caca2e",
                            "self": "false",
                            "to_port": "65535",
                            "type": "egress"
                        },
                        "meta": {
                            "schema_version": "2"
                        },
                        "tainted": false
                    },
                    "deposed": [],
                    "provider": ""
                },
                "aws_security_group_rule.dns": {
                    "type": "aws_security_group_rule",
                    "depends_on": [
                        "aws_security_group.app"
                    ],
                    "primary": {
                        "id": "sgrule-4269542329",
                        "attributes": {
                            "cidr_blocks.#": "1",
                            "cidr_blocks.0": "0.0.0.0/0",
                            "from_port": "53",
                            "id": "sgrule-4269542329",
                            "protocol": "udp",
                            "security_group_id": "sg-49caca2e",
                            "self": "false",
                            "to_port": "53",
                            "type": "ingress"
                        },
                        "meta": {
                            "schema_version": "2"
                        },
                        "tainted": false
                    },
                    "deposed": [],
                    "provider": ""
                },
                "aws_security_group_rule.ssh": {
                    "type": "aws_security_group_rule",
                    "depends_on": [
                        "aws_security_group.app"
                    ],
                    "primary": {
                        "id": "sgrule-2772670652",
                        "attributes": {
                            "cidr_blocks.#": "1",
                            "cidr_blocks.0": "0.0.0.0/0",
                            "from_port": "22",
                            "id": "sgrule-2772670652",
                            "protocol": "tcp",
                            "security_group_id": "sg-49caca2e",
                            "self": "false",
                            "to_port": "22",
                            "type": "ingress"
                        },
                        "meta": {
                            "schema_version": "2"
                        },
                        "tainted": false
                    },
                    "deposed": [],
                    "provider": ""
                },
                "aws_subnet.private_db1": {
                    "type": "aws_subnet",
                    "depends_on": [
                        "aws_vpc.tf_vpc"
                    ],
                    "primary": {
                        "id": "subnet-cf92c8b9",
                        "attributes": {
                            "assign_ipv6_address_on_creation": "false",
                            "availability_zone": "ap-northeast-1a",
                            "cidr_block": "10.10.3.0/24",
                            "id": "subnet-cf92c8b9",
                            "map_public_ip_on_launch": "false",
                            "tags.%": "1",
                            "tags.Name": "tf_private_db1",
                            "vpc_id": "vpc-45f56721"
                        },
                        "meta": {},
                        "tainted": false
                    },
                    "deposed": [],
                    "provider": ""
                },
                "aws_subnet.private_db2": {
                    "type": "aws_subnet",
                    "depends_on": [
                        "aws_vpc.tf_vpc"
                    ],
                    "primary": {
                        "id": "subnet-c2b0d49a",
                        "attributes": {
                            "assign_ipv6_address_on_creation": "false",
                            "availability_zone": "ap-northeast-1c",
                            "cidr_block": "10.10.4.0/24",
                            "id": "subnet-c2b0d49a",
                            "map_public_ip_on_launch": "false",
                            "tags.%": "1",
                            "tags.Name": "tf_private_db2",
                            "vpc_id": "vpc-45f56721"
                        },
                        "meta": {},
                        "tainted": false
                    },
                    "deposed": [],
                    "provider": ""
                },
                "aws_subnet.public_web1": {
                    "type": "aws_subnet",
                    "depends_on": [
                        "aws_vpc.tf_vpc"
                    ],
                    "primary": {
                        "id": "subnet-fa96cc8c",
                        "attributes": {
                            "assign_ipv6_address_on_creation": "false",
                            "availability_zone": "ap-northeast-1a",
                            "cidr_block": "10.10.1.0/24",
                            "id": "subnet-fa96cc8c",
                            "map_public_ip_on_launch": "false",
                            "tags.%": "1",
                            "tags.Name": "tf_public_web1",
                            "vpc_id": "vpc-45f56721"
                        },
                        "meta": {},
                        "tainted": false
                    },
                    "deposed": [],
                    "provider": ""
                },
                "aws_subnet.public_web2": {
                    "type": "aws_subnet",
                    "depends_on": [
                        "aws_vpc.tf_vpc"
                    ],
                    "primary": {
                        "id": "subnet-44b2d61c",
                        "attributes": {
                            "assign_ipv6_address_on_creation": "false",
                            "availability_zone": "ap-northeast-1c",
                            "cidr_block": "10.10.2.0/24",
                            "id": "subnet-44b2d61c",
                            "map_public_ip_on_launch": "false",
                            "tags.%": "1",
                            "tags.Name": "tf_public_web2",
                            "vpc_id": "vpc-45f56721"
                        },
                        "meta": {},
                        "tainted": false
                    },
                    "deposed": [],
                    "provider": ""
                },
                "aws_vpc.tf_vpc": {
                    "type": "aws_vpc",
                    "depends_on": [],
                    "primary": {
                        "id": "vpc-45f56721",
                        "attributes": {
                            "assign_generated_ipv6_cidr_block": "false",
                            "cidr_block": "10.10.0.0/16",
                            "default_network_acl_id": "acl-d0d282b4",
                            "default_route_table_id": "rtb-90fddef4",
                            "default_security_group_id": "sg-dac7c7bd",
                            "dhcp_options_id": "dopt-c4cbd4a1",
                            "enable_classiclink": "false",
                            "enable_dns_hostnames": "true",
                            "enable_dns_support": "true",
                            "id": "vpc-45f56721",
                            "instance_tenancy": "default",
                            "main_route_table_id": "rtb-90fddef4",
                            "tags.%": "1",
                            "tags.Name": "tf_vpc"
                        },
                        "meta": {},
                        "tainted": false
                    },
                    "deposed": [],
                    "provider": ""
                }
            },
            "depends_on": []
        }
    ]
}
